
Microsoft Visual Studio Solution File, Format Version 12.00
# Visual Studio Version 16
VisualStudioVersion = 16.0.29709.97
MinimumVisualStudioVersion = 10.0.40219.1
Project("{9A19103F-16F7-4668-BE54-9A1E7A4F7556}") = "ClickyController", "ClickyController\ClickyController.csproj", "{9FE2B35B-D1A8-4E1F-94B0-5DC7D3A68EDA}"
EndProject
Project("{FAE04EC0-301F-11D3-BF4B-00C04F79EFBC}") = "Test", "Test\Test.csproj", "{2194E385-A0F0-4263-916A-05B424C70327}"
EndProject
Global
	GlobalSection(SolutionConfigurationPlatforms) = preSolution
		Debug|Any CPU = Debug|Any CPU
		Release|Any CPU = Release|Any CPU
	EndGlobalSection
	GlobalSection(ProjectConfigurationPlatforms) = postSolution
		{9FE2B35B-D1A8-4E1F-94B0-5DC7D3A68EDA}.Debug|Any CPU.ActiveCfg = Debug|Any CPU
		{9FE2B35B-D1A8-4E1F-94B0-5DC7D3A68EDA}.Debug|Any CPU.Build.0 = Debug|Any CPU
		{9FE2B35B-D1A8-4E1F-94B0-5DC7D3A68EDA}.Release|Any CPU.ActiveCfg = Release|Any CPU
		{9FE2B35B-D1A8-4E1F-94B0-5DC7D3A68EDA}.Release|Any CPU.Build.0 = Release|Any CPU
		{2194E385-A0F0-4263-916A-05B424C70327}.Debug|Any CPU.ActiveCfg = Debug|Any CPU
		{2194E385-A0F0-4263-916A-05B424C70327}.Debug|Any CPU.Build.0 = Debug|Any CPU
		{2194E385-A0F0-4263-916A-05B424C70327}.Release|Any CPU.ActiveCfg = Release|Any CPU
		{2194E385-A0F0-4263-916A-05B424C70327}.Release|Any CPU.Build.0 = Release|Any CPU
	EndGlobalSection
	GlobalSection(SolutionProperties) = preSolution
		HideSolutionNode = FALSE
	EndGlobalSection
	GlobalSection(ExtensibilityGlobals) = postSolution
		SolutionGuid = {9A8BB07F-331E-4E2A-B12E-7B247CB53CCF}
	EndGlobalSection
EndGlobal
